// !$*UTF8*$!
{
	archiveVersion = 1;
	classes = {
	};
	objectVersion = 50;
	objects = {

/* Begin PBXBuildFile section */
		2467A7CFEC6E7B2ABBDA02AA /* Pods_DiveOutUITests.framework in Frameworks */ = {isa = PBXBuildFile; fileRef = 368CBED8111D31AF7A3180E3 /* Pods_DiveOutUITests.framework */; };
		30CBC10E4CB2FB9E3A766D29 /* Pods_DiveOut.framework in Frameworks */ = {isa = PBXBuildFile; fileRef = 732C9A4BA10A6C850A07E996 /* Pods_DiveOut.framework */; };
		42229FF3225FB3800063AE80 /* LoginViewController.swift in Sources */ = {isa = PBXBuildFile; fileRef = 42229FF2225FB3800063AE80 /* LoginViewController.swift */; };
		74AB749CB0C2301A70AF433D /* Pods_DiveOutTests.framework in Frameworks */ = {isa = PBXBuildFile; fileRef = 7CA14349FECF58F6B99D4072 /* Pods_DiveOutTests.framework */; };
		E3EDCEB12247FE35004AEB66 /* AppDelegate.swift in Sources */ = {isa = PBXBuildFile; fileRef = E3EDCEB02247FE35004AEB66 /* AppDelegate.swift */; };
		E3EDCEB32247FE35004AEB66 /* ViewController.swift in Sources */ = {isa = PBXBuildFile; fileRef = E3EDCEB22247FE35004AEB66 /* ViewController.swift */; };
		E3EDCEB62247FE35004AEB66 /* Main.storyboard in Resources */ = {isa = PBXBuildFile; fileRef = E3EDCEB42247FE35004AEB66 /* Main.storyboard */; };
		E3EDCEB82247FE36004AEB66 /* Assets.xcassets in Resources */ = {isa = PBXBuildFile; fileRef = E3EDCEB72247FE36004AEB66 /* Assets.xcassets */; };
		E3EDCEBB2247FE36004AEB66 /* LaunchScreen.storyboard in Resources */ = {isa = PBXBuildFile; fileRef = E3EDCEB92247FE36004AEB66 /* LaunchScreen.storyboard */; };
		E3EDCEC62247FE36004AEB66 /* DiveOutTests.swift in Sources */ = {isa = PBXBuildFile; fileRef = E3EDCEC52247FE36004AEB66 /* DiveOutTests.swift */; };
		E3EDCED12247FE36004AEB66 /* DiveOutUITests.swift in Sources */ = {isa = PBXBuildFile; fileRef = E3EDCED02247FE36004AEB66 /* DiveOutUITests.swift */; };
/* End PBXBuildFile section */

/* Begin PBXContainerItemProxy section */
		E3EDCEC22247FE36004AEB66 /* PBXContainerItemProxy */ = {
			isa = PBXContainerItemProxy;
			containerPortal = E3EDCEA52247FE35004AEB66 /* Project object */;
			proxyType = 1;
			remoteGlobalIDString = E3EDCEAC2247FE35004AEB66;
			remoteInfo = DiveOut;
		};
		E3EDCECD2247FE36004AEB66 /* PBXContainerItemProxy */ = {
			isa = PBXContainerItemProxy;
			containerPortal = E3EDCEA52247FE35004AEB66 /* Project object */;
			proxyType = 1;
			remoteGlobalIDString = E3EDCEAC2247FE35004AEB66;
			remoteInfo = DiveOut;
		};
/* End PBXContainerItemProxy section */

/* Begin PBXFileReference section */
		053504C7F135686B2D322002 /* Pods-DiveOutUITests.release.xcconfig */ = {isa = PBXFileReference; includeInIndex = 1; lastKnownFileType = text.xcconfig; name = "Pods-DiveOutUITests.release.xcconfig"; path = "Pods/Target Support Files/Pods-DiveOutUITests/Pods-DiveOutUITests.release.xcconfig"; sourceTree = "<group>"; };
		368CBED8111D31AF7A3180E3 /* Pods_DiveOutUITests.framework */ = {isa = PBXFileReference; explicitFileType = wrapper.framework; includeInIndex = 0; path = Pods_DiveOutUITests.framework; sourceTree = BUILT_PRODUCTS_DIR; };
		42229FF2225FB3800063AE80 /* LoginViewController.swift */ = {isa = PBXFileReference; lastKnownFileType = sourcecode.swift; path = LoginViewController.swift; sourceTree = "<group>"; };
		732C9A4BA10A6C850A07E996 /* Pods_DiveOut.framework */ = {isa = PBXFileReference; explicitFileType = wrapper.framework; includeInIndex = 0; path = Pods_DiveOut.framework; sourceTree = BUILT_PRODUCTS_DIR; };
		7776070FBE2D53E08040987D /* Pods-DiveOut.debug.xcconfig */ = {isa = PBXFileReference; includeInIndex = 1; lastKnownFileType = text.xcconfig; name = "Pods-DiveOut.debug.xcconfig"; path = "Pods/Target Support Files/Pods-DiveOut/Pods-DiveOut.debug.xcconfig"; sourceTree = "<group>"; };
		7CA14349FECF58F6B99D4072 /* Pods_DiveOutTests.framework */ = {isa = PBXFileReference; explicitFileType = wrapper.framework; includeInIndex = 0; path = Pods_DiveOutTests.framework; sourceTree = BUILT_PRODUCTS_DIR; };
		851F5C0D87F765A0B5FE1A51 /* Pods-DiveOutUITests.debug.xcconfig */ = {isa = PBXFileReference; includeInIndex = 1; lastKnownFileType = text.xcconfig; name = "Pods-DiveOutUITests.debug.xcconfig"; path = "Pods/Target Support Files/Pods-DiveOutUITests/Pods-DiveOutUITests.debug.xcconfig"; sourceTree = "<group>"; };
		98A7AEDA1FCE5367B857A9CF /* Pods-DiveOutTests.debug.xcconfig */ = {isa = PBXFileReference; includeInIndex = 1; lastKnownFileType = text.xcconfig; name = "Pods-DiveOutTests.debug.xcconfig"; path = "Pods/Target Support Files/Pods-DiveOutTests/Pods-DiveOutTests.debug.xcconfig"; sourceTree = "<group>"; };
		E3EDCEAD2247FE35004AEB66 /* DiveOut.app */ = {isa = PBXFileReference; explicitFileType = wrapper.application; includeInIndex = 0; path = DiveOut.app; sourceTree = BUILT_PRODUCTS_DIR; };
		E3EDCEB02247FE35004AEB66 /* AppDelegate.swift */ = {isa = PBXFileReference; lastKnownFileType = sourcecode.swift; path = AppDelegate.swift; sourceTree = "<group>"; };
		E3EDCEB22247FE35004AEB66 /* ViewController.swift */ = {isa = PBXFileReference; lastKnownFileType = sourcecode.swift; path = ViewController.swift; sourceTree = "<group>"; };
		E3EDCEB52247FE35004AEB66 /* Base */ = {isa = PBXFileReference; lastKnownFileType = file.storyboard; name = Base; path = Base.lproj/Main.storyboard; sourceTree = "<group>"; };
		E3EDCEB72247FE36004AEB66 /* Assets.xcassets */ = {isa = PBXFileReference; lastKnownFileType = folder.assetcatalog; path = Assets.xcassets; sourceTree = "<group>"; };
		E3EDCEBA2247FE36004AEB66 /* Base */ = {isa = PBXFileReference; lastKnownFileType = file.storyboard; name = Base; path = Base.lproj/LaunchScreen.storyboard; sourceTree = "<group>"; };
		E3EDCEBC2247FE36004AEB66 /* Info.plist */ = {isa = PBXFileReference; lastKnownFileType = text.plist.xml; path = Info.plist; sourceTree = "<group>"; };
		E3EDCEC12247FE36004AEB66 /* DiveOutTests.xctest */ = {isa = PBXFileReference; explicitFileType = wrapper.cfbundle; includeInIndex = 0; path = DiveOutTests.xctest; sourceTree = BUILT_PRODUCTS_DIR; };
		E3EDCEC52247FE36004AEB66 /* DiveOutTests.swift */ = {isa = PBXFileReference; lastKnownFileType = sourcecode.swift; path = DiveOutTests.swift; sourceTree = "<group>"; };
		E3EDCEC72247FE36004AEB66 /* Info.plist */ = {isa = PBXFileReference; lastKnownFileType = text.plist.xml; path = Info.plist; sourceTree = "<group>"; };
		E3EDCECC2247FE36004AEB66 /* DiveOutUITests.xctest */ = {isa = PBXFileReference; explicitFileType = wrapper.cfbundle; includeInIndex = 0; path = DiveOutUITests.xctest; sourceTree = BUILT_PRODUCTS_DIR; };
		E3EDCED02247FE36004AEB66 /* DiveOutUITests.swift */ = {isa = PBXFileReference; lastKnownFileType = sourcecode.swift; path = DiveOutUITests.swift; sourceTree = "<group>"; };
		E3EDCED22247FE36004AEB66 /* Info.plist */ = {isa = PBXFileReference; lastKnownFileType = text.plist.xml; path = Info.plist; sourceTree = "<group>"; };
		EA1B8AE71C726B610AD989FA /* Pods-DiveOut.release.xcconfig */ = {isa = PBXFileReference; includeInIndex = 1; lastKnownFileType = text.xcconfig; name = "Pods-DiveOut.release.xcconfig"; path = "Pods/Target Support Files/Pods-DiveOut/Pods-DiveOut.release.xcconfig"; sourceTree = "<group>"; };
		F363252F0103A64A8B72544B /* Pods-DiveOutTests.release.xcconfig */ = {isa = PBXFileReference; includeInIndex = 1; lastKnownFileType = text.xcconfig; name = "Pods-DiveOutTests.release.xcconfig"; path = "Pods/Target Support Files/Pods-DiveOutTests/Pods-DiveOutTests.release.xcconfig"; sourceTree = "<group>"; };
/* End PBXFileReference section */

/* Begin PBXFrameworksBuildPhase section */
		E3EDCEAA2247FE35004AEB66 /* Frameworks */ = {
			isa = PBXFrameworksBuildPhase;
			buildActionMask = 2147483647;
			files = (
				30CBC10E4CB2FB9E3A766D29 /* Pods_DiveOut.framework in Frameworks */,
			);
			runOnlyForDeploymentPostprocessing = 0;
		};
		E3EDCEBE2247FE36004AEB66 /* Frameworks */ = {
			isa = PBXFrameworksBuildPhase;
			buildActionMask = 2147483647;
			files = (
				74AB749CB0C2301A70AF433D /* Pods_DiveOutTests.framework in Frameworks */,
			);
			runOnlyForDeploymentPostprocessing = 0;
		};
		E3EDCEC92247FE36004AEB66 /* Frameworks */ = {
			isa = PBXFrameworksBuildPhase;
			buildActionMask = 2147483647;
			files = (
				2467A7CFEC6E7B2ABBDA02AA /* Pods_DiveOutUITests.framework in Frameworks */,
			);
			runOnlyForDeploymentPostprocessing = 0;
		};
/* End PBXFrameworksBuildPhase section */

/* Begin PBXGroup section */
		5FEE3F9141DBD6AE74F56B9C /* Pods */ = {
			isa = PBXGroup;
			children = (
				7776070FBE2D53E08040987D /* Pods-DiveOut.debug.xcconfig */,
				EA1B8AE71C726B610AD989FA /* Pods-DiveOut.release.xcconfig */,
				98A7AEDA1FCE5367B857A9CF /* Pods-DiveOutTests.debug.xcconfig */,
				F363252F0103A64A8B72544B /* Pods-DiveOutTests.release.xcconfig */,
				851F5C0D87F765A0B5FE1A51 /* Pods-DiveOutUITests.debug.xcconfig */,
				053504C7F135686B2D322002 /* Pods-DiveOutUITests.release.xcconfig */,
			);
			name = Pods;
			sourceTree = "<group>";
		};
		6079015F7F03F2DE7F8D9AD5 /* Frameworks */ = {
			isa = PBXGroup;
			children = (
				732C9A4BA10A6C850A07E996 /* Pods_DiveOut.framework */,
				7CA14349FECF58F6B99D4072 /* Pods_DiveOutTests.framework */,
				368CBED8111D31AF7A3180E3 /* Pods_DiveOutUITests.framework */,
			);
			name = Frameworks;
			sourceTree = "<group>";
		};
		E3EDCEA42247FE35004AEB66 = {
			isa = PBXGroup;
			children = (
				E3EDCEAF2247FE35004AEB66 /* DiveOut */,
				E3EDCEC42247FE36004AEB66 /* DiveOutTests */,
				E3EDCECF2247FE36004AEB66 /* DiveOutUITests */,
				E3EDCEAE2247FE35004AEB66 /* Products */,
				5FEE3F9141DBD6AE74F56B9C /* Pods */,
				6079015F7F03F2DE7F8D9AD5 /* Frameworks */,
			);
			sourceTree = "<group>";
		};
		E3EDCEAE2247FE35004AEB66 /* Products */ = {
			isa = PBXGroup;
			children = (
				E3EDCEAD2247FE35004AEB66 /* DiveOut.app */,
				E3EDCEC12247FE36004AEB66 /* DiveOutTests.xctest */,
				E3EDCECC2247FE36004AEB66 /* DiveOutUITests.xctest */,
			);
			name = Products;
			sourceTree = "<group>";
		};
		E3EDCEAF2247FE35004AEB66 /* DiveOut */ = {
			isa = PBXGroup;
			children = (
				E3EDCEB02247FE35004AEB66 /* AppDelegate.swift */,
				E3EDCEB22247FE35004AEB66 /* ViewController.swift */,
				E3EDCEB42247FE35004AEB66 /* Main.storyboard */,
				E3EDCEB72247FE36004AEB66 /* Assets.xcassets */,
				E3EDCEB92247FE36004AEB66 /* LaunchScreen.storyboard */,
				E3EDCEBC2247FE36004AEB66 /* Info.plist */,
				42229FF2225FB3800063AE80 /* LoginViewController.swift */,
			);
			path = DiveOut;
			sourceTree = "<group>";
		};
		E3EDCEC42247FE36004AEB66 /* DiveOutTests */ = {
			isa = PBXGroup;
			children = (
				E3EDCEC52247FE36004AEB66 /* DiveOutTests.swift */,
				E3EDCEC72247FE36004AEB66 /* Info.plist */,
			);
			path = DiveOutTests;
			sourceTree = "<group>";
		};
		E3EDCECF2247FE36004AEB66 /* DiveOutUITests */ = {
			isa = PBXGroup;
			children = (
				E3EDCED02247FE36004AEB66 /* DiveOutUITests.swift */,
				E3EDCED22247FE36004AEB66 /* Info.plist */,
			);
			path = DiveOutUITests;
			sourceTree = "<group>";
		};
/* End PBXGroup section */

/* Begin PBXNativeTarget section */
		E3EDCEAC2247FE35004AEB66 /* DiveOut */ = {
			isa = PBXNativeTarget;
			buildConfigurationList = E3EDCED52247FE36004AEB66 /* Build configuration list for PBXNativeTarget "DiveOut" */;
			buildPhases = (
				E09E790917E3DE0EF4F04420 /* [CP] Check Pods Manifest.lock */,
				E3EDCEA92247FE35004AEB66 /* Sources */,
				E3EDCEAA2247FE35004AEB66 /* Frameworks */,
				E3EDCEAB2247FE35004AEB66 /* Resources */,
				0234C465DC9403D70640AD52 /* [CP] Embed Pods Frameworks */,
			);
			buildRules = (
			);
			dependencies = (
			);
			name = DiveOut;
			productName = DiveOut;
			productReference = E3EDCEAD2247FE35004AEB66 /* DiveOut.app */;
			productType = "com.apple.product-type.application";
		};
		E3EDCEC02247FE36004AEB66 /* DiveOutTests */ = {
			isa = PBXNativeTarget;
			buildConfigurationList = E3EDCED82247FE36004AEB66 /* Build configuration list for PBXNativeTarget "DiveOutTests" */;
			buildPhases = (
				C457FBDE5E5447684F97F5FD /* [CP] Check Pods Manifest.lock */,
				E3EDCEBD2247FE36004AEB66 /* Sources */,
				E3EDCEBE2247FE36004AEB66 /* Frameworks */,
				E3EDCEBF2247FE36004AEB66 /* Resources */,
			);
			buildRules = (
			);
			dependencies = (
				E3EDCEC32247FE36004AEB66 /* PBXTargetDependency */,
			);
			name = DiveOutTests;
			productName = DiveOutTests;
			productReference = E3EDCEC12247FE36004AEB66 /* DiveOutTests.xctest */;
			productType = "com.apple.product-type.bundle.unit-test";
		};
		E3EDCECB2247FE36004AEB66 /* DiveOutUITests */ = {
			isa = PBXNativeTarget;
			buildConfigurationList = E3EDCEDB2247FE36004AEB66 /* Build configuration list for PBXNativeTarget "DiveOutUITests" */;
			buildPhases = (
				9E1B6E4523C2441C746483CA /* [CP] Check Pods Manifest.lock */,
				E3EDCEC82247FE36004AEB66 /* Sources */,
				E3EDCEC92247FE36004AEB66 /* Frameworks */,
				E3EDCECA2247FE36004AEB66 /* Resources */,
			);
			buildRules = (
			);
			dependencies = (
				E3EDCECE2247FE36004AEB66 /* PBXTargetDependency */,
			);
			name = DiveOutUITests;
			productName = DiveOutUITests;
			productReference = E3EDCECC2247FE36004AEB66 /* DiveOutUITests.xctest */;
			productType = "com.apple.product-type.bundle.ui-testing";
		};
/* End PBXNativeTarget section */

/* Begin PBXProject section */
		E3EDCEA52247FE35004AEB66 /* Project object */ = {
			isa = PBXProject;
			attributes = {
				LastSwiftUpdateCheck = 1010;
				LastUpgradeCheck = 1010;
				ORGANIZATIONNAME = "AIM-Squad";
				TargetAttributes = {
					E3EDCEAC2247FE35004AEB66 = {
						CreatedOnToolsVersion = 10.1;
					};
					E3EDCEC02247FE36004AEB66 = {
						CreatedOnToolsVersion = 10.1;
						TestTargetID = E3EDCEAC2247FE35004AEB66;
					};
					E3EDCECB2247FE36004AEB66 = {
						CreatedOnToolsVersion = 10.1;
						TestTargetID = E3EDCEAC2247FE35004AEB66;
					};
				};
			};
			buildConfigurationList = E3EDCEA82247FE35004AEB66 /* Build configuration list for PBXProject "DiveOut" */;
			compatibilityVersion = "Xcode 9.3";
			developmentRegion = en;
			hasScannedForEncodings = 0;
			knownRegions = (
				en,
				Base,
			);
			mainGroup = E3EDCEA42247FE35004AEB66;
			productRefGroup = E3EDCEAE2247FE35004AEB66 /* Products */;
			projectDirPath = "";
			projectRoot = "";
			targets = (
				E3EDCEAC2247FE35004AEB66 /* DiveOut */,
				E3EDCEC02247FE36004AEB66 /* DiveOutTests */,
				E3EDCECB2247FE36004AEB66 /* DiveOutUITests */,
			);
		};
/* End PBXProject section */

/* Begin PBXResourcesBuildPhase section */
		E3EDCEAB2247FE35004AEB66 /* Resources */ = {
			isa = PBXResourcesBuildPhase;
			buildActionMask = 2147483647;
			files = (
				E3EDCEBB2247FE36004AEB66 /* LaunchScreen.storyboard in Resources */,
				E3EDCEB82247FE36004AEB66 /* Assets.xcassets in Resources */,
				E3EDCEB62247FE35004AEB66 /* Main.storyboard in Resources */,
			);
			runOnlyForDeploymentPostprocessing = 0;
		};
		E3EDCEBF2247FE36004AEB66 /* Resources */ = {
			isa = PBXResourcesBuildPhase;
			buildActionMask = 2147483647;
			files = (
			);
			runOnlyForDeploymentPostprocessing = 0;
		};
		E3EDCECA2247FE36004AEB66 /* Resources */ = {
			isa = PBXResourcesBuildPhase;
			buildActionMask = 2147483647;
			files = (
			);
			runOnlyForDeploymentPostprocessing = 0;
		};
/* End PBXResourcesBuildPhase section */

/* Begin PBXShellScriptBuildPhase section */
		0234C465DC9403D70640AD52 /* [CP] Embed Pods Frameworks */ = {
			isa = PBXShellScriptBuildPhase;
			buildActionMask = 2147483647;
			files = (
			);
			inputFileListPaths = (
			);
			inputPaths = (
				"${SRCROOT}/Pods/Target Support Files/Pods-DiveOut/Pods-DiveOut-frameworks.sh",
				"${BUILT_PRODUCTS_DIR}/Alamofire/Alamofire.framework",
				"${BUILT_PRODUCTS_DIR}/AlamofireImage/AlamofireImage.framework",
				"${BUILT_PRODUCTS_DIR}/Bolts/Bolts.framework",
				"${BUILT_PRODUCTS_DIR}/Parse/Parse.framework",
			);
			name = "[CP] Embed Pods Frameworks";
			outputFileListPaths = (
			);
			outputPaths = (
				"${TARGET_BUILD_DIR}/${FRAMEWORKS_FOLDER_PATH}/Alamofire.framework",
				"${TARGET_BUILD_DIR}/${FRAMEWORKS_FOLDER_PATH}/AlamofireImage.framework",
				"${TARGET_BUILD_DIR}/${FRAMEWORKS_FOLDER_PATH}/Bolts.framework",
				"${TARGET_BUILD_DIR}/${FRAMEWORKS_FOLDER_PATH}/Parse.framework",
			);
			runOnlyForDeploymentPostprocessing = 0;
			shellPath = /bin/sh;
			shellScript = "\"${SRCROOT}/Pods/Target Support Files/Pods-DiveOut/Pods-DiveOut-frameworks.sh\"\n";
			showEnvVarsInLog = 0;
		};
		9E1B6E4523C2441C746483CA /* [CP] Check Pods Manifest.lock */ = {
			isa = PBXShellScriptBuildPhase;
			buildActionMask = 2147483647;
			files = (
			);
			inputFileListPaths = (
			);
			inputPaths = (
				"${PODS_PODFILE_DIR_PATH}/Podfile.lock",
				"${PODS_ROOT}/Manifest.lock",
			);
			name = "[CP] Check Pods Manifest.lock";
			outputFileListPaths = (
			);
			outputPaths = (
				"$(DERIVED_FILE_DIR)/Pods-DiveOutUITests-checkManifestLockResult.txt",
			);
			runOnlyForDeploymentPostprocessing = 0;
			shellPath = /bin/sh;
			shellScript = "diff \"${PODS_PODFILE_DIR_PATH}/Podfile.lock\" \"${PODS_ROOT}/Manifest.lock\" > /dev/null\nif [ $? != 0 ] ; then\n    # print error to STDERR\n    echo \"error: The sandbox is not in sync with the Podfile.lock. Run 'pod install' or update your CocoaPods installation.\" >&2\n    exit 1\nfi\n# This output is used by Xcode 'outputs' to avoid re-running this script phase.\necho \"SUCCESS\" > \"${SCRIPT_OUTPUT_FILE_0}\"\n";
			showEnvVarsInLog = 0;
		};
		C457FBDE5E5447684F97F5FD /* [CP] Check Pods Manifest.lock */ = {
			isa = PBXShellScriptBuildPhase;
			buildActionMask = 2147483647;
			files = (
			);
			inputFileListPaths = (
			);
			inputPaths = (
				"${PODS_PODFILE_DIR_PATH}/Podfile.lock",
				"${PODS_ROOT}/Manifest.lock",
			);
			name = "[CP] Check Pods Manifest.lock";
			outputFileListPaths = (
			);
			outputPaths = (
				"$(DERIVED_FILE_DIR)/Pods-DiveOutTests-checkManifestLockResult.txt",
			);
			runOnlyForDeploymentPostprocessing = 0;
			shellPath = /bin/sh;
			shellScript = "diff \"${PODS_PODFILE_DIR_PATH}/Podfile.lock\" \"${PODS_ROOT}/Manifest.lock\" > /dev/null\nif [ $? != 0 ] ; then\n    # print error to STDERR\n    echo \"error: The sandbox is not in sync with the Podfile.lock. Run 'pod install' or update your CocoaPods installation.\" >&2\n    exit 1\nfi\n# This output is used by Xcode 'outputs' to avoid re-running this script phase.\necho \"SUCCESS\" > \"${SCRIPT_OUTPUT_FILE_0}\"\n";
			showEnvVarsInLog = 0;
		};
		E09E790917E3DE0EF4F04420 /* [CP] Check Pods Manifest.lock */ = {
			isa = PBXShellScriptBuildPhase;
			buildActionMask = 2147483647;
			files = (
			);
			inputFileListPaths = (
			);
			inputPaths = (
				"${PODS_PODFILE_DIR_PATH}/Podfile.lock",
				"${PODS_ROOT}/Manifest.lock",
			);
			name = "[CP] Check Pods Manifest.lock";
			outputFileListPaths = (
			);
			outputPaths = (
				"$(DERIVED_FILE_DIR)/Pods-DiveOut-checkManifestLockResult.txt",
			);
			runOnlyForDeploymentPostprocessing = 0;
			shellPath = /bin/sh;
			shellScript = "diff \"${PODS_PODFILE_DIR_PATH}/Podfile.lock\" \"${PODS_ROOT}/Manifest.lock\" > /dev/null\nif [ $? != 0 ] ; then\n    # print error to STDERR\n    echo \"error: The sandbox is not in sync with the Podfile.lock. Run 'pod install' or update your CocoaPods installation.\" >&2\n    exit 1\nfi\n# This output is used by Xcode 'outputs' to avoid re-running this script phase.\necho \"SUCCESS\" > \"${SCRIPT_OUTPUT_FILE_0}\"\n";
			showEnvVarsInLog = 0;
		};
/* End PBXShellScriptBuildPhase section */

/* Begin PBXSourcesBuildPhase section */
		E3EDCEA92247FE35004AEB66 /* Sources */ = {
			isa = PBXSourcesBuildPhase;
			buildActionMask = 2147483647;
			files = (
				42229FF3225FB3800063AE80 /* LoginViewController.swift in Sources */,
				E3EDCEB32247FE35004AEB66 /* ViewController.swift in Sources */,
				E3EDCEB12247FE35004AEB66 /* AppDelegate.swift in Sources */,
			);
			runOnlyForDeploymentPostprocessing = 0;
		};
		E3EDCEBD2247FE36004AEB66 /* Sources */ = {
			isa = PBXSourcesBuildPhase;
			buildActionMask = 2147483647;
			files = (
				E3EDCEC62247FE36004AEB66 /* DiveOutTests.swift in Sources */,
			);
			runOnlyForDeploymentPostprocessing = 0;
		};
		E3EDCEC82247FE36004AEB66 /* Sources */ = {
			isa = PBXSourcesBuildPhase;
			buildActionMask = 2147483647;
			files = (
				E3EDCED12247FE36004AEB66 /* DiveOutUITests.swift in Sources */,
			);
			runOnlyForDeploymentPostprocessing = 0;
		};
/* End PBXSourcesBuildPhase section */

/* Begin PBXTargetDependency section */
		E3EDCEC32247FE36004AEB66 /* PBXTargetDependency */ = {
			isa = PBXTargetDependency;
			target = E3EDCEAC2247FE35004AEB66 /* DiveOut */;
			targetProxy = E3EDCEC22247FE36004AEB66 /* PBXContainerItemProxy */;
		};
		E3EDCECE2247FE36004AEB66 /* PBXTargetDependency */ = {
			isa = PBXTargetDependency;
			target = E3EDCEAC2247FE35004AEB66 /* DiveOut */;
			targetProxy = E3EDCECD2247FE36004AEB66 /* PBXContainerItemProxy */;
		};
/* End PBXTargetDependency section */

/* Begin PBXVariantGroup section */
		E3EDCEB42247FE35004AEB66 /* Main.storyboard */ = {
			isa = PBXVariantGroup;
			children = (
				E3EDCEB52247FE35004AEB66 /* Base */,
			);
			name = Main.storyboard;
			sourceTree = "<group>";
		};
		E3EDCEB92247FE36004AEB66 /* LaunchScreen.storyboard */ = {
			isa = PBXVariantGroup;
			children = (
				E3EDCEBA2247FE36004AEB66 /* Base */,
			);
			name = LaunchScreen.storyboard;
			sourceTree = "<group>";
		};
/* End PBXVariantGroup section */

/* Begin XCBuildConfiguration section */
		E3EDCED32247FE36004AEB66 /* Debug */ = {
			isa = XCBuildConfiguration;
			buildSettings = {
				ALWAYS_SEARCH_USER_PATHS = NO;
				CLANG_ANALYZER_NONNULL = YES;
				CLANG_ANALYZER_NUMBER_OBJECT_CONVERSION = YES_AGGRESSIVE;
				CLANG_CXX_LANGUAGE_STANDARD = "gnu++14";
				CLANG_CXX_LIBRARY = "libc++";
				CLANG_ENABLE_MODULES = YES;
				CLANG_ENABLE_OBJC_ARC = YES;
				CLANG_ENABLE_OBJC_WEAK = YES;
				CLANG_WARN_BLOCK_CAPTURE_AUTORELEASING = YES;
				CLANG_WARN_BOOL_CONVERSION = YES;
				CLANG_WARN_COMMA = YES;
				CLANG_WARN_CONSTANT_CONVERSION = YES;
				CLANG_WARN_DEPRECATED_OBJC_IMPLEMENTATIONS = YES;
				CLANG_WARN_DIRECT_OBJC_ISA_USAGE = YES_ERROR;
				CLANG_WARN_DOCUMENTATION_COMMENTS = YES;
				CLANG_WARN_EMPTY_BODY = YES;
				CLANG_WARN_ENUM_CONVERSION = YES;
				CLANG_WARN_INFINITE_RECURSION = YES;
				CLANG_WARN_INT_CONVERSION = YES;
				CLANG_WARN_NON_LITERAL_NULL_CONVERSION = YES;
				CLANG_WARN_OBJC_IMPLICIT_RETAIN_SELF = YES;
				CLANG_WARN_OBJC_LITERAL_CONVERSION = YES;
				CLANG_WARN_OBJC_ROOT_CLASS = YES_ERROR;
				CLANG_WARN_RANGE_LOOP_ANALYSIS = YES;
				CLANG_WARN_STRICT_PROTOTYPES = YES;
				CLANG_WARN_SUSPICIOUS_MOVE = YES;
				CLANG_WARN_UNGUARDED_AVAILABILITY = YES_AGGRESSIVE;
				CLANG_WARN_UNREACHABLE_CODE = YES;
				CLANG_WARN__DUPLICATE_METHOD_MATCH = YES;
				CODE_SIGN_IDENTITY = "iPhone Developer";
				COPY_PHASE_STRIP = NO;
				DEBUG_INFORMATION_FORMAT = dwarf;
				ENABLE_STRICT_OBJC_MSGSEND = YES;
				ENABLE_TESTABILITY = YES;
				GCC_C_LANGUAGE_STANDARD = gnu11;
				GCC_DYNAMIC_NO_PIC = NO;
				GCC_NO_COMMON_BLOCKS = YES;
				GCC_OPTIMIZATION_LEVEL = 0;
				GCC_PREPROCESSOR_DEFINITIONS = (
					"DEBUG=1",
					"$(inherited)",
				);
				GCC_WARN_64_TO_32_BIT_CONVERSION = YES;
				GCC_WARN_ABOUT_RETURN_TYPE = YES_ERROR;
				GCC_WARN_UNDECLARED_SELECTOR = YES;
				GCC_WARN_UNINITIALIZED_AUTOS = YES_AGGRESSIVE;
				GCC_WARN_UNUSED_FUNCTION = YES;
				GCC_WARN_UNUSED_VARIABLE = YES;
				IPHONEOS_DEPLOYMENT_TARGET = 12.1;
				MTL_ENABLE_DEBUG_INFO = INCLUDE_SOURCE;
				MTL_FAST_MATH = YES;
				ONLY_ACTIVE_ARCH = YES;
				SDKROOT = iphoneos;
				SWIFT_ACTIVE_COMPILATION_CONDITIONS = DEBUG;
				SWIFT_OPTIMIZATION_LEVEL = "-Onone";
			};
			name = Debug;
		};
		E3EDCED42247FE36004AEB66 /* Release */ = {
			isa = XCBuildConfiguration;
			buildSettings = {
				ALWAYS_SEARCH_USER_PATHS = NO;
				CLANG_ANALYZER_NONNULL = YES;
				CLANG_ANALYZER_NUMBER_OBJECT_CONVERSION = YES_AGGRESSIVE;
				CLANG_CXX_LANGUAGE_STANDARD = "gnu++14";
				CLANG_CXX_LIBRARY = "libc++";
				CLANG_ENABLE_MODULES = YES;
				CLANG_ENABLE_OBJC_ARC = YES;
				CLANG_ENABLE_OBJC_WEAK = YES;
				CLANG_WARN_BLOCK_CAPTURE_AUTORELEASING = YES;
				CLANG_WARN_BOOL_CONVERSION = YES;
				CLANG_WARN_COMMA = YES;
				CLANG_WARN_CONSTANT_CONVERSION = YES;
				CLANG_WARN_DEPRECATED_OBJC_IMPLEMENTATIONS = YES;
				CLANG_WARN_DIRECT_OBJC_ISA_USAGE = YES_ERROR;
				CLANG_WARN_DOCUMENTATION_COMMENTS = YES;
				CLANG_WARN_EMPTY_BODY = YES;
				CLANG_WARN_ENUM_CONVERSION = YES;
				CLANG_WARN_INFINITE_RECURSION = YES;
				CLANG_WARN_INT_CONVERSION = YES;
				CLANG_WARN_NON_LITERAL_NULL_CONVERSION = YES;
				CLANG_WARN_OBJC_IMPLICIT_RETAIN_SELF = YES;
				CLANG_WARN_OBJC_LITERAL_CONVERSION = YES;
				CLANG_WARN_OBJC_ROOT_CLASS = YES_ERROR;
				CLANG_WARN_RANGE_LOOP_ANALYSIS = YES;
				CLANG_WARN_STRICT_PROTOTYPES = YES;
				CLANG_WARN_SUSPICIOUS_MOVE = YES;
				CLANG_WARN_UNGUARDED_AVAILABILITY = YES_AGGRESSIVE;
				CLANG_WARN_UNREACHABLE_CODE = YES;
				CLANG_WARN__DUPLICATE_METHOD_MATCH = YES;
				CODE_SIGN_IDENTITY = "iPhone Developer";
				COPY_PHASE_STRIP = NO;
				DEBUG_INFORMATION_FORMAT = "dwarf-with-dsym";
				ENABLE_NS_ASSERTIONS = NO;
				ENABLE_STRICT_OBJC_MSGSEND = YES;
				GCC_C_LANGUAGE_STANDARD = gnu11;
				GCC_NO_COMMON_BLOCKS = YES;
				GCC_WARN_64_TO_32_BIT_CONVERSION = YES;
				GCC_WARN_ABOUT_RETURN_TYPE = YES_ERROR;
				GCC_WARN_UNDECLARED_SELECTOR = YES;
				GCC_WARN_UNINITIALIZED_AUTOS = YES_AGGRESSIVE;
				GCC_WARN_UNUSED_FUNCTION = YES;
				GCC_WARN_UNUSED_VARIABLE = YES;
				IPHONEOS_DEPLOYMENT_TARGET = 12.1;
				MTL_ENABLE_DEBUG_INFO = NO;
				MTL_FAST_MATH = YES;
				SDKROOT = iphoneos;
				SWIFT_COMPILATION_MODE = wholemodule;
				SWIFT_OPTIMIZATION_LEVEL = "-O";
				VALIDATE_PRODUCT = YES;
			};
			name = Release;
		};
		E3EDCED62247FE36004AEB66 /* Debug */ = {
			isa = XCBuildConfiguration;
			baseConfigurationReference = 7776070FBE2D53E08040987D /* Pods-DiveOut.debug.xcconfig */;
			buildSettings = {
				ASSETCATALOG_COMPILER_APPICON_NAME = AppIcon;
				CODE_SIGN_STYLE = Automatic;
				INFOPLIST_FILE = DiveOut/Info.plist;
				LD_RUNPATH_SEARCH_PATHS = (
					"$(inherited)",
					"@executable_path/Frameworks",
				);
				PRODUCT_BUNDLE_IDENTIFIER = MidprogramingProject.DiveOut;
				PRODUCT_NAME = "$(TARGET_NAME)";
				SWIFT_VERSION = 4.2;
				TARGETED_DEVICE_FAMILY = "1,2";
			};
			name = Debug;
		};
		E3EDCED72247FE36004AEB66 /* Release */ = {
			isa = XCBuildConfiguration;
			baseConfigurationReference = EA1B8AE71C726B610AD989FA /* Pods-DiveOut.release.xcconfig */;
			buildSettings = {
				ASSETCATALOG_COMPILER_APPICON_NAME = AppIcon;
				CODE_SIGN_STYLE = Automatic;
				INFOPLIST_FILE = DiveOut/Info.plist;
				LD_RUNPATH_SEARCH_PATHS = (
					"$(inherited)",
					"@executable_path/Frameworks",
				);
				PRODUCT_BUNDLE_IDENTIFIER = MidprogramingProject.DiveOut;
				PRODUCT_NAME = "$(TARGET_NAME)";
				SWIFT_VERSION = 4.2;
				TARGETED_DEVICE_FAMILY = "1,2";
			};
			name = Release;
		};
		E3EDCED92247FE36004AEB66 /* Debug */ = {
			isa = XCBuildConfiguration;
			baseConfigurationReference = 98A7AEDA1FCE5367B857A9CF /* Pods-DiveOutTests.debug.xcconfig */;
			buildSettings = {
				ALWAYS_EMBED_SWIFT_STANDARD_LIBRARIES = YES;
				BUNDLE_LOADER = "$(TEST_HOST)";
				CODE_SIGN_STYLE = Automatic;
				INFOPLIST_FILE = DiveOutTests/Info.plist;
				LD_RUNPATH_SEARCH_PATHS = (
					"$(inherited)",
					"@executable_path/Frameworks",
					"@loader_path/Frameworks",
				);
				PRODUCT_BUNDLE_IDENTIFIER = MidprogramingProject.DiveOutTests;
				PRODUCT_NAME = "$(TARGET_NAME)";
				SWIFT_VERSION = 4.2;
				TARGETED_DEVICE_FAMILY = "1,2";
				TEST_HOST = "$(BUILT_PRODUCTS_DIR)/DiveOut.app/DiveOut";
			};
			name = Debug;
		};
		E3EDCEDA2247FE36004AEB66 /* Release */ = {
			isa = XCBuildConfiguration;
			baseConfigurationReference = F363252F0103A64A8B72544B /* Pods-DiveOutTests.release.xcconfig */;
			buildSettings = {
				ALWAYS_EMBED_SWIFT_STANDARD_LIBRARIES = YES;
				BUNDLE_LOADER = "$(TEST_HOST)";
				CODE_SIGN_STYLE = Automatic;
				INFOPLIST_FILE = DiveOutTests/Info.plist;
				LD_RUNPATH_SEARCH_PATHS = (
					"$(inherited)",
					"@executable_path/Frameworks",
					"@loader_path/Frameworks",
				);
				PRODUCT_BUNDLE_IDENTIFIER = MidprogramingProject.DiveOutTests;
				PRODUCT_NAME = "$(TARGET_NAME)";
				SWIFT_VERSION = 4.2;
				TARGETED_DEVICE_FAMILY = "1,2";
				TEST_HOST = "$(BUILT_PRODUCTS_DIR)/DiveOut.app/DiveOut";
			};
			name = Release;
		};
		E3EDCEDC2247FE36004AEB66 /* Debug */ = {
			isa = XCBuildConfiguration;
			baseConfigurationReference = 851F5C0D87F765A0B5FE1A51 /* Pods-DiveOutUITests.debug.xcconfig */;
			buildSettings = {
				ALWAYS_EMBED_SWIFT_STANDARD_LIBRARIES = YES;
				CODE_SIGN_STYLE = Automatic;
				INFOPLIST_FILE = DiveOutUITests/Info.plist;
				LD_RUNPATH_SEARCH_PATHS = (
					"$(inherited)",
					"@executable_path/Frameworks",
					"@loader_path/Frameworks",
				);
				PRODUCT_BUNDLE_IDENTIFIER = MidprogramingProject.DiveOutUITests;
				PRODUCT_NAME = "$(TARGET_NAME)";
				SWIFT_VERSION = 4.2;
				TARGETED_DEVICE_FAMILY = "1,2";
				TEST_TARGET_NAME = DiveOut;
			};
			name = Debug;
		};
		E3EDCEDD2247FE36004AEB66 /* Release */ = {
			isa = XCBuildConfiguration;
			baseConfigurationReference = 053504C7F135686B2D322002 /* Pods-DiveOutUITests.release.xcconfig */;
			buildSettings = {
				ALWAYS_EMBED_SWIFT_STANDARD_LIBRARIES = YES;
				CODE_SIGN_STYLE = Automatic;
				INFOPLIST_FILE = DiveOutUITests/Info.plist;
				LD_RUNPATH_SEARCH_PATHS = (
					"$(inherited)",
					"@executable_path/Frameworks",
					"@loader_path/Frameworks",
				);
				PRODUCT_BUNDLE_IDENTIFIER = MidprogramingProject.DiveOutUITests;
				PRODUCT_NAME = "$(TARGET_NAME)";
				SWIFT_VERSION = 4.2;
				TARGETED_DEVICE_FAMILY = "1,2";
				TEST_TARGET_NAME = DiveOut;
			};
			name = Release;
		};
/* End XCBuildConfiguration section */

/* Begin XCConfigurationList section */
		E3EDCEA82247FE35004AEB66 /* Build configuration list for PBXProject "DiveOut" */ = {
			isa = XCConfigurationList;
			buildConfigurations = (
				E3EDCED32247FE36004AEB66 /* Debug */,
				E3EDCED42247FE36004AEB66 /* Release */,
			);
			defaultConfigurationIsVisible = 0;
			defaultConfigurationName = Release;
		};
		E3EDCED52247FE36004AEB66 /* Build configuration list for PBXNativeTarget "DiveOut" */ = {
			isa = XCConfigurationList;
			buildConfigurations = (
				E3EDCED62247FE36004AEB66 /* Debug */,
				E3EDCED72247FE36004AEB66 /* Release */,
			);
			defaultConfigurationIsVisible = 0;
			defaultConfigurationName = Release;
		};
		E3EDCED82247FE36004AEB66 /* Build configuration list for PBXNativeTarget "DiveOutTests" */ = {
			isa = XCConfigurationList;
			buildConfigurations = (
				E3EDCED92247FE36004AEB66 /* Debug */,
				E3EDCEDA2247FE36004AEB66 /* Release */,
			);
			defaultConfigurationIsVisible = 0;
			defaultConfigurationName = Release;
		};
		E3EDCEDB2247FE36004AEB66 /* Build configuration list for PBXNativeTarget "DiveOutUITests" */ = {
			isa = XCConfigurationList;
			buildConfigurations = (
				E3EDCEDC2247FE36004AEB66 /* Debug */,
				E3EDCEDD2247FE36004AEB66 /* Release */,
			);
			defaultConfigurationIsVisible = 0;
			defaultConfigurationName = Release;
		};
/* End XCConfigurationList section */
	};
	rootObject = E3EDCEA52247FE35004AEB66 /* Project object */;
}
